github.com/89z/format v1.34.2 h1:CM1QveIulxYh2ad+1hM+IDal1pqZkjYm1HOtN9o4sj0=
github.com/89z/format v1.34.2/go.mod h1:ut0gxvf9KLjgsZ8Fum1AqlGfKcilADnX6OGNPO3V4mM=
github.com/chmike/cmac-go v1.0.0 h1:xsHQ+/hy8lMv4iZJGDtlJnrh+Q4nNj6gEP8Iy7l5x/4=
github.com/chmike/cmac-go v1.0.0/go.mod h1:wcIN7NRqWSKGuORzd4dReBkoBDE9ZBqfyTVxyDxGeUw=
github.com/edgeware/mp4ff v0.28.0 h1:iAtPUXtENORvCPCLIdDNeh5Lb6GXS1hIyYUx2iBkygE=
github.com/edgeware/mp4ff v0.28.0/go.mod h1:GNUeA6tEFksH2CrjJF2FSGdJolba8yPGmo16qZTXsm8=
github.com/go-test/deep v1.0.8 h1:TDsG77qcSprGbC6vTN8OuXp5g+J+b5Pcguhf7Zt61VM=
github.com/go-test/deep v1.0.8/go.mod h1:5C2ZWiW0ErCdrYzpqxLbTX7MG14M9iiw8DgHncVwcsE=
github.com/golang/protobuf v1.5.0/go.mod h1:FsONVRAS9T7sI+LIUmWTfcYkHO4aIWwzhcaSAoJOfIk=
github.com/google/go-cmp v0.5.5 h1:Khx7svrCpmxxtHBq5j2mp/xVjsi8hQMfNLvJFAlrGgU=
github.com/google/go-cmp v0.5.5/go.mod h1:v8dTdLbMG2kIc/vJvl+f65V22dbkXbowE6jgT/gNBxE=
golang.org/x/xerrors v0.0.0-20191204190536-9bdfabe68543 h1:E7g+9GITq07hpfrRu66IVDexMakfv52eLZ2CXBWiKr4=
golang.org/x/xerrors v0.0.0-20191204190536-9bdfabe68543/go.mod h1:I/5z698sn9Ka8TeJc9MKroUUfqBBauWjQqLJ2OPfmY0=
google.golang.org/protobuf v1.26.0-rc.1/go.mod h1:jlhhOSvTdKEhbULTjvd4ARK9grFBp09yW+WbY/TyQbw=
google.golang.org/protobuf v1.28.0 h1:w43yiav+6bVFTBQFZX0r7ipe9JQ1QsbMgHwbBziscLw=
google.golang.org/protobuf v1.28.0/go.mod h1:HV8QOd/L58Z+nl8r43ehVNZIU/HEI6OcFqwMG9pJV4I=
