github.com/89z/format v1.33.7 h1:uFQtS5lrjCrxpwrQMpUWNRD2V93/iNx9PbeH4F2Hzao=
github.com/89z/format v1.33.7/go.mod h1:fAaCl94NvcSnk64AF3yghdrvbfypTlMeHsdNihPWJww=
github.com/edgeware/mp4ff v0.27.0 h1:Lv773H6c4pUt3Zj9z44TOICv6fjd6gKzi1sVl8GbcYE=
github.com/edgeware/mp4ff v0.27.0/go.mod h1:6VHE5CTkpDseIg775+rh8BfnTvqjMnVbz5EDU4QwSdc=
github.com/go-test/deep v1.0.6 h1:UHSEyLZUwX9Qoi99vVwvewiMC8mM2bf7XEM2nqvzEn8=
github.com/go-test/deep v1.0.6/go.mod h1:QV8Hv/iy04NyLBxAdO9njL0iVPN1S4d/A3NVv1V36o8=
github.com/golang/protobuf v1.5.0/go.mod h1:FsONVRAS9T7sI+LIUmWTfcYkHO4aIWwzhcaSAoJOfIk=
github.com/google/go-cmp v0.5.5/go.mod h1:v8dTdLbMG2kIc/vJvl+f65V22dbkXbowE6jgT/gNBxE=
golang.org/x/xerrors v0.0.0-20191204190536-9bdfabe68543/go.mod h1:I/5z698sn9Ka8TeJc9MKroUUfqBBauWjQqLJ2OPfmY0=
google.golang.org/protobuf v1.26.0-rc.1/go.mod h1:jlhhOSvTdKEhbULTjvd4ARK9grFBp09yW+WbY/TyQbw=
google.golang.org/protobuf v1.28.0 h1:w43yiav+6bVFTBQFZX0r7ipe9JQ1QsbMgHwbBziscLw=
google.golang.org/protobuf v1.28.0/go.mod h1:HV8QOd/L58Z+nl8r43ehVNZIU/HEI6OcFqwMG9pJV4I=
