github.com/89z/mech v1.21.8 h1:zXVBSyTp0RYtUeql4kz9mR0vTq1vG6liZtJQn9qgTO8=
github.com/89z/mech v1.21.8/go.mod h1:LBa8MGharlwfMLzZjkbXoutOSZ11eseaLLwrRunwzE8=
github.com/Nr90/imgsim v0.0.0-20180202144352-5caa057144b0 h1:8cjsGKoi/1QBb0V2ps3iBra9c4o+qY/NaJ15NsdjmQ4=
github.com/Nr90/imgsim v0.0.0-20180202144352-5caa057144b0/go.mod h1:PSWPVD+KeWK3XVt0i/AahAMRw38OZ1k1vJpJLuvIY1w=
github.com/andybalholm/dhash v1.0.0 h1:XGiT0B/nwTII1tbP0P3B4qf0t+yFmyDJO4ijtsFG1c4=
github.com/andybalholm/dhash v1.0.0/go.mod h1:X/hloV+0qN35jlJUGI0vfLguED9uYQjlSBeAcZ6jXy4=
github.com/andybalholm/go-bit v0.0.0-20150501193155-34813fe0e46a h1:yE4/B7ng2G9tr5DdT/x2bj3u6p3Rze2Ha/61eChret8=
github.com/andybalholm/go-bit v0.0.0-20150501193155-34813fe0e46a/go.mod h1:xPmFQkJW5/HS/ZMM6soMdODwdIOO9zs3yAhksnFQJE0=
github.com/bamiaux/rez v0.0.0-20170731184118-29f4463c688b h1:5Ci5wpOL75rYF6RQGRoqhEAU6xLJ6n/D4SckXX1yB74=
github.com/bamiaux/rez v0.0.0-20170731184118-29f4463c688b/go.mod h1:obBQGGIFbbv9KWg92Qu9UHeD94JXmHD1jovY/z6I3O8=
github.com/brett-lempereur/ish v0.0.0-20161214150457-bbdc45bcf55d h1:oCP9o9IOvgi0A1biE1EkI/m+pViqJoCQjU/bAopLpBo=
github.com/brett-lempereur/ish v0.0.0-20161214150457-bbdc45bcf55d/go.mod h1:sGi2C1jLbZM77czzwYX70vIkYV8Smll6xG93m96IZYw=
github.com/corona10/goimagehash v1.0.3 h1:NZM518aKLmoNluluhfHGxT3LGOnrojrxhGn63DR/CZA=
github.com/corona10/goimagehash v1.0.3/go.mod h1:VkvE0mLn84L4aF8vCb6mafVajEb6QYMHl2ZJLn0mOGI=
github.com/devedge/imagehash v0.0.0-20180324030135-7061aa3b4066 h1:+QbuEqZjC9bIWKkf73EQ5oaIA7g/lB6fE7uFuEV0SeY=
github.com/devedge/imagehash v0.0.0-20180324030135-7061aa3b4066/go.mod h1:FdoOQDHSR0xYTQCl+G8ZhqsB5dKYbyxVWUoUFW7F0Lw=
github.com/disintegration/imaging v1.6.2 h1:w1LecBlG2Lnp8B3jk5zSuNqd7b4DXhcjwek1ei82L+c=
github.com/disintegration/imaging v1.6.2/go.mod h1:44/5580QXChDfwIclfc/PCwrr44amcmDAg8hxG0Ewe4=
github.com/nfnt/resize v0.0.0-20180221191011-83c6a9932646 h1:zYyBkD/k9seD2A7fsi6Oo2LfFZAehjjQMERAvZLEDnQ=
github.com/nfnt/resize v0.0.0-20180221191011-83c6a9932646/go.mod h1:jpp1/29i3P1S/RLdc7JQKbRpFeM1dOBd8T9ki5s+AY8=
github.com/steakknife/hamming v0.0.0-20180906055917-c99c65617cd3 h1:njlZPzLwU639dk2kqnCPPv+wNjq7Xb6EfUxe/oX0/NM=
github.com/steakknife/hamming v0.0.0-20180906055917-c99c65617cd3/go.mod h1:hpGUWaI9xL8pRQCTXQgocU38Qw1g0Us7n5PxxTwTCYU=
github.com/umahmood/iter v0.0.0-20170520162535-f504940edaa2 h1:88HG366Fy+mykzHuCMP+bE/N7GrNH7/o62fSRJEPtok=
github.com/umahmood/iter v0.0.0-20170520162535-f504940edaa2/go.mod h1:iqNkjuBKNk5vUJun0+ByGvi7E+MCNliqBlZByepKglo=
github.com/umahmood/perceptive v0.0.0-20151026230654-f317dc40448e h1:oeOrOsoTJWA2eYNBg8Hi2ZThKFtDbJYHq/RxA2iYDug=
github.com/umahmood/perceptive v0.0.0-20151026230654-f317dc40448e/go.mod h1:1sJchtCV26ezbhW+Vi+qexZAOVTk9Tb8Da1mcgsiDPs=
golang.org/x/crypto v0.0.0-20210616213533-5ff15b29337e/go.mod h1:GvvjBRRGRdwPK5ydBHafDWAxML/pGHZbMvKqRZ5+Abc=
golang.org/x/image v0.0.0-20191009234506-e7c1f5e7dbb8/go.mod h1:FeLwcggjj3mMvU+oOTbSwawSJRM1uh48EjtB4UJZlP0=
golang.org/x/image v0.0.0-20210628002857-a66eb6448b8d h1:RNPAfi2nHY7C2srAV8A49jpsYr0ADedCk1wq6fTMTvs=
golang.org/x/image v0.0.0-20210628002857-a66eb6448b8d/go.mod h1:023OzeP/+EPmXeapQh35lcL3II3LrY8Ic+EFFKVhULM=
golang.org/x/net v0.0.0-20210226172049-e18ecbb05110/go.mod h1:m0MpNAwzfU5UDzcl9v0D8zg8gWTRqZa9RBIspLL5mdg=
golang.org/x/net v0.0.0-20210614182718-04defd469f4e/go.mod h1:9nx3DQGgdP8bBQD5qxJ1jj9UTztislL4KSBs9R2vV5Y=
golang.org/x/sys v0.0.0-20201119102817-f84b799fce68/go.mod h1:h1NjWce9XRLGQEsW7wpKNCjG9DtNlClVuFLEZdDNbEs=
golang.org/x/sys v0.0.0-20210423082822-04245dca01da/go.mod h1:h1NjWce9XRLGQEsW7wpKNCjG9DtNlClVuFLEZdDNbEs=
golang.org/x/sys v0.0.0-20210615035016-665e8c7367d1/go.mod h1:oPkhp1MJrh7nUepCBck5+mAzfO9JrbApNNgaTdGDITg=
golang.org/x/term v0.0.0-20201126162022-7de9c90e9dd1/go.mod h1:bj7SfCRtBDWHUb9snDiAeCFNEtKQo2Wmx5Cou7ajbmo=
golang.org/x/text v0.3.0/go.mod h1:NqM8EUOU14njkJ3fqMW+pc6Ldnwhi/IjpwHt7yyuwOQ=
golang.org/x/text v0.3.3/go.mod h1:5Zoc/QRtKVWzQhOtBMvqHzDpF6irO9z98xDceosuGiQ=
golang.org/x/text v0.3.6/go.mod h1:5Zoc/QRtKVWzQhOtBMvqHzDpF6irO9z98xDceosuGiQ=
golang.org/x/tools v0.0.0-20180917221912-90fa682c2a6e/go.mod h1:n7NCudcB/nEzxVGmLbDWY5pfWTLqBcC2KZ6jyYvM4mQ=
